// !$*UTF8*$!
{
	archiveVersion = 1;
	classes = {
	};
	objectVersion = 51;
	objects = {

/* Begin PBXBuildFile section */
		381AF7A3260E1D8C004405DE /* AppDelegate.swift in Sources */ = {isa = PBXBuildFile; fileRef = 381AF7A2260E1D8C004405DE /* AppDelegate.swift */; };
		381AF7A5260E1D8C004405DE /* SceneDelegate.swift in Sources */ = {isa = PBXBuildFile; fileRef = 381AF7A4260E1D8C004405DE /* SceneDelegate.swift */; };
		381AF7A7260E1D8C004405DE /* ViewController.swift in Sources */ = {isa = PBXBuildFile; fileRef = 381AF7A6260E1D8C004405DE /* ViewController.swift */; };
		381AF7AA260E1D8C004405DE /* Main.storyboard in Resources */ = {isa = PBXBuildFile; fileRef = 381AF7A8260E1D8C004405DE /* Main.storyboard */; };
		381AF7AC260E1D8E004405DE /* Assets.xcassets in Resources */ = {isa = PBXBuildFile; fileRef = 381AF7AB260E1D8E004405DE /* Assets.xcassets */; };
		381AF7AF260E1D8E004405DE /* LaunchScreen.storyboard in Resources */ = {isa = PBXBuildFile; fileRef = 381AF7AD260E1D8E004405DE /* LaunchScreen.storyboard */; };
		381AF7C4260E5A09004405DE /* GoogleService-Info.plist in Resources */ = {isa = PBXBuildFile; fileRef = 381AF7C3260E5A09004405DE /* GoogleService-Info.plist */; };
		382B3A7E261088B200B9C8A8 /* LoginVC.swift in Sources */ = {isa = PBXBuildFile; fileRef = 382B3A7D261088B200B9C8A8 /* LoginVC.swift */; };
		382B3A812610954000B9C8A8 /* signupVC.swift in Sources */ = {isa = PBXBuildFile; fileRef = 382B3A802610954000B9C8A8 /* signupVC.swift */; };
		382B3A842610D5D100B9C8A8 /* User.swift in Sources */ = {isa = PBXBuildFile; fileRef = 382B3A832610D5D100B9C8A8 /* User.swift */; };
		3851EE5E2613521D0053743B /* managerCheckVC.swift in Sources */ = {isa = PBXBuildFile; fileRef = 3851EE5D2613521D0053743B /* managerCheckVC.swift */; };
		3851EE62261352870053743B /* empSubmitPortralVC.swift in Sources */ = {isa = PBXBuildFile; fileRef = 3851EE61261352870053743B /* empSubmitPortralVC.swift */; };
		DC6A50120523FC633E682F18 /* libPods-TimeManger2.a in Frameworks */ = {isa = PBXBuildFile; fileRef = 5819F611376FBF115D5040A8 /* libPods-TimeManger2.a */; };
/* End PBXBuildFile section */

/* Begin PBXFileReference section */
		1AD147231D8056D6B66EB917 /* Pods-TimeManger2.release.xcconfig */ = {isa = PBXFileReference; includeInIndex = 1; lastKnownFileType = text.xcconfig; name = "Pods-TimeManger2.release.xcconfig"; path = "Target Support Files/Pods-TimeManger2/Pods-TimeManger2.release.xcconfig"; sourceTree = "<group>"; };
		381AF79F260E1D8C004405DE /* TimeManger2.app */ = {isa = PBXFileReference; explicitFileType = wrapper.application; includeInIndex = 0; path = TimeManger2.app; sourceTree = BUILT_PRODUCTS_DIR; };
		381AF7A2260E1D8C004405DE /* AppDelegate.swift */ = {isa = PBXFileReference; lastKnownFileType = sourcecode.swift; path = AppDelegate.swift; sourceTree = "<group>"; };
		381AF7A4260E1D8C004405DE /* SceneDelegate.swift */ = {isa = PBXFileReference; lastKnownFileType = sourcecode.swift; path = SceneDelegate.swift; sourceTree = "<group>"; };
		381AF7A6260E1D8C004405DE /* ViewController.swift */ = {isa = PBXFileReference; lastKnownFileType = sourcecode.swift; path = ViewController.swift; sourceTree = "<group>"; };
		381AF7A9260E1D8C004405DE /* Base */ = {isa = PBXFileReference; lastKnownFileType = file.storyboard; name = Base; path = Base.lproj/Main.storyboard; sourceTree = "<group>"; };
		381AF7AB260E1D8E004405DE /* Assets.xcassets */ = {isa = PBXFileReference; lastKnownFileType = folder.assetcatalog; path = Assets.xcassets; sourceTree = "<group>"; };
		381AF7AE260E1D8E004405DE /* Base */ = {isa = PBXFileReference; lastKnownFileType = file.storyboard; name = Base; path = Base.lproj/LaunchScreen.storyboard; sourceTree = "<group>"; };
		381AF7B0260E1D8E004405DE /* Info.plist */ = {isa = PBXFileReference; lastKnownFileType = text.plist.xml; path = Info.plist; sourceTree = "<group>"; };
		381AF7C3260E5A09004405DE /* GoogleService-Info.plist */ = {isa = PBXFileReference; fileEncoding = 4; lastKnownFileType = text.plist.xml; name = "GoogleService-Info.plist"; path = "../../GoogleService-Info.plist"; sourceTree = "<group>"; };
		382B3A7D261088B200B9C8A8 /* LoginVC.swift */ = {isa = PBXFileReference; lastKnownFileType = sourcecode.swift; path = LoginVC.swift; sourceTree = "<group>"; };
		382B3A802610954000B9C8A8 /* signupVC.swift */ = {isa = PBXFileReference; lastKnownFileType = sourcecode.swift; path = signupVC.swift; sourceTree = "<group>"; };
		382B3A832610D5D100B9C8A8 /* User.swift */ = {isa = PBXFileReference; lastKnownFileType = sourcecode.swift; path = User.swift; sourceTree = "<group>"; };
		3851EE5D2613521D0053743B /* managerCheckVC.swift */ = {isa = PBXFileReference; lastKnownFileType = sourcecode.swift; path = managerCheckVC.swift; sourceTree = "<group>"; };
		3851EE61261352870053743B /* empSubmitPortralVC.swift */ = {isa = PBXFileReference; lastKnownFileType = sourcecode.swift; path = empSubmitPortralVC.swift; sourceTree = "<group>"; };
		5819F611376FBF115D5040A8 /* libPods-TimeManger2.a */ = {isa = PBXFileReference; explicitFileType = archive.ar; includeInIndex = 0; path = "libPods-TimeManger2.a"; sourceTree = BUILT_PRODUCTS_DIR; };
		CD5F39DDD3A5051015D359DF /* Pods-TimeManger2.debug.xcconfig */ = {isa = PBXFileReference; includeInIndex = 1; lastKnownFileType = text.xcconfig; name = "Pods-TimeManger2.debug.xcconfig"; path = "Target Support Files/Pods-TimeManger2/Pods-TimeManger2.debug.xcconfig"; sourceTree = "<group>"; };
/* End PBXFileReference section */

/* Begin PBXFrameworksBuildPhase section */
		381AF79C260E1D8C004405DE /* Frameworks */ = {
			isa = PBXFrameworksBuildPhase;
			buildActionMask = 2147483647;
			files = (
				DC6A50120523FC633E682F18 /* libPods-TimeManger2.a in Frameworks */,
			);
			runOnlyForDeploymentPostprocessing = 0;
		};
/* End PBXFrameworksBuildPhase section */

/* Begin PBXGroup section */
		381AF796260E1D8B004405DE = {
			isa = PBXGroup;
			children = (
				381AF7A1260E1D8C004405DE /* TimeManger2 */,
				381AF7A0260E1D8C004405DE /* Products */,
				F70B87005FE113A699842B51 /* Pods */,
				CB833E93165F39F6A26CED2A /* Frameworks */,
			);
			sourceTree = "<group>";
		};
		381AF7A0260E1D8C004405DE /* Products */ = {
			isa = PBXGroup;
			children = (
				381AF79F260E1D8C004405DE /* TimeManger2.app */,
			);
			name = Products;
			sourceTree = "<group>";
		};
		381AF7A1260E1D8C004405DE /* TimeManger2 */ = {
			isa = PBXGroup;
			children = (
				381AF7C3260E5A09004405DE /* GoogleService-Info.plist */,
				381AF7A2260E1D8C004405DE /* AppDelegate.swift */,
				381AF7A4260E1D8C004405DE /* SceneDelegate.swift */,
				381AF7A8260E1D8C004405DE /* Main.storyboard */,
				381AF7AB260E1D8E004405DE /* Assets.xcassets */,
				381AF7AD260E1D8E004405DE /* LaunchScreen.storyboard */,
				381AF7B0260E1D8E004405DE /* Info.plist */,
				381AF7A6260E1D8C004405DE /* ViewController.swift */,
				3851EE5D2613521D0053743B /* managerCheckVC.swift */,
				3851EE56261207D00053743B /* classes */,
			);
			path = TimeManger2;
			sourceTree = "<group>";
		};
		3851EE56261207D00053743B /* classes */ = {
			isa = PBXGroup;
			children = (
				3851EE61261352870053743B /* empSubmitPortralVC.swift */,
				382B3A7D261088B200B9C8A8 /* LoginVC.swift */,
				382B3A832610D5D100B9C8A8 /* User.swift */,
				382B3A802610954000B9C8A8 /* signupVC.swift */,
			);
			name = classes;
			path = ..;
			sourceTree = "<group>";
		};
		CB833E93165F39F6A26CED2A /* Frameworks */ = {
			isa = PBXGroup;
			children = (
				5819F611376FBF115D5040A8 /* libPods-TimeManger2.a */,
			);
			name = Frameworks;
			sourceTree = "<group>";
		};
		F70B87005FE113A699842B51 /* Pods */ = {
			isa = PBXGroup;
			children = (
				CD5F39DDD3A5051015D359DF /* Pods-TimeManger2.debug.xcconfig */,
				1AD147231D8056D6B66EB917 /* Pods-TimeManger2.release.xcconfig */,
			);
			path = Pods;
			sourceTree = "<group>";
		};
/* End PBXGroup section */

/* Begin PBXNativeTarget section */
		381AF79E260E1D8C004405DE /* TimeManger2 */ = {
			isa = PBXNativeTarget;
			buildConfigurationList = 381AF7B3260E1D8E004405DE /* Build configuration list for PBXNativeTarget "TimeManger2" */;
			buildPhases = (
				D7D984D3C92685A9D052547F /* [CP] Check Pods Manifest.lock */,
				381AF79B260E1D8C004405DE /* Sources */,
				381AF79C260E1D8C004405DE /* Frameworks */,
				381AF79D260E1D8C004405DE /* Resources */,
				DFE34A9D58CEAB2DE9F18BA3 /* [CP] Copy Pods Resources */,
			);
			buildRules = (
			);
			dependencies = (
			);
			name = TimeManger2;
			productName = TimeManger2;
			productReference = 381AF79F260E1D8C004405DE /* TimeManger2.app */;
			productType = "com.apple.product-type.application";
		};
/* End PBXNativeTarget section */

/* Begin PBXProject section */
		381AF797260E1D8B004405DE /* Project object */ = {
			isa = PBXProject;
			attributes = {
				LastSwiftUpdateCheck = 1240;
				LastUpgradeCheck = 1240;
				TargetAttributes = {
					381AF79E260E1D8C004405DE = {
						CreatedOnToolsVersion = 12.4;
					};
				};
			};
			buildConfigurationList = 381AF79A260E1D8C004405DE /* Build configuration list for PBXProject "TimeManger2" */;
			compatibilityVersion = "Xcode 9.3";
			developmentRegion = en;
			hasScannedForEncodings = 0;
			knownRegions = (
				en,
				Base,
			);
			mainGroup = 381AF796260E1D8B004405DE;
			productRefGroup = 381AF7A0260E1D8C004405DE /* Products */;
			projectDirPath = "";
			projectRoot = "";
			targets = (
				381AF79E260E1D8C004405DE /* TimeManger2 */,
			);
		};
/* End PBXProject section */

/* Begin PBXResourcesBuildPhase section */
		381AF79D260E1D8C004405DE /* Resources */ = {
			isa = PBXResourcesBuildPhase;
			buildActionMask = 2147483647;
			files = (
				381AF7AF260E1D8E004405DE /* LaunchScreen.storyboard in Resources */,
				381AF7C4260E5A09004405DE /* GoogleService-Info.plist in Resources */,
				381AF7AC260E1D8E004405DE /* Assets.xcassets in Resources */,
				381AF7AA260E1D8C004405DE /* Main.storyboard in Resources */,
			);
			runOnlyForDeploymentPostprocessing = 0;
		};
/* End PBXResourcesBuildPhase section */

/* Begin PBXShellScriptBuildPhase section */
		D7D984D3C92685A9D052547F /* [CP] Check Pods Manifest.lock */ = {
			isa = PBXShellScriptBuildPhase;
			buildActionMask = 2147483647;
			files = (
			);
			inputFileListPaths = (
			);
			inputPaths = (
				"${PODS_PODFILE_DIR_PATH}/Podfile.lock",
				"${PODS_ROOT}/Manifest.lock",
			);
			name = "[CP] Check Pods Manifest.lock";
			outputFileListPaths = (
			);
			outputPaths = (
				"$(DERIVED_FILE_DIR)/Pods-TimeManger2-checkManifestLockResult.txt",
			);
			runOnlyForDeploymentPostprocessing = 0;
			shellPath = /bin/sh;
			shellScript = "diff \"${PODS_PODFILE_DIR_PATH}/Podfile.lock\" \"${PODS_ROOT}/Manifest.lock\" > /dev/null\nif [ $? != 0 ] ; then\n    # print error to STDERR\n    echo \"error: The sandbox is not in sync with the Podfile.lock. Run 'pod install' or update your CocoaPods installation.\" >&2\n    exit 1\nfi\n# This output is used by Xcode 'outputs' to avoid re-running this script phase.\necho \"SUCCESS\" > \"${SCRIPT_OUTPUT_FILE_0}\"\n";
			showEnvVarsInLog = 0;
		};
		DFE34A9D58CEAB2DE9F18BA3 /* [CP] Copy Pods Resources */ = {
			isa = PBXShellScriptBuildPhase;
			buildActionMask = 2147483647;
			files = (
			);
			inputFileListPaths = (
				"${PODS_ROOT}/Target Support Files/Pods-TimeManger2/Pods-TimeManger2-resources-${CONFIGURATION}-input-files.xcfilelist",
			);
			name = "[CP] Copy Pods Resources";
			outputFileListPaths = (
				"${PODS_ROOT}/Target Support Files/Pods-TimeManger2/Pods-TimeManger2-resources-${CONFIGURATION}-output-files.xcfilelist",
			);
			runOnlyForDeploymentPostprocessing = 0;
			shellPath = /bin/sh;
			shellScript = "\"${PODS_ROOT}/Target Support Files/Pods-TimeManger2/Pods-TimeManger2-resources.sh\"\n";
			showEnvVarsInLog = 0;
		};
/* End PBXShellScriptBuildPhase section */

/* Begin PBXSourcesBuildPhase section */
		381AF79B260E1D8C004405DE /* Sources */ = {
			isa = PBXSourcesBuildPhase;
			buildActionMask = 2147483647;
			files = (
				381AF7A7260E1D8C004405DE /* ViewController.swift in Sources */,
				382B3A812610954000B9C8A8 /* signupVC.swift in Sources */,
				3851EE5E2613521D0053743B /* managerCheckVC.swift in Sources */,
				382B3A842610D5D100B9C8A8 /* User.swift in Sources */,
				381AF7A3260E1D8C004405DE /* AppDelegate.swift in Sources */,
				382B3A7E261088B200B9C8A8 /* LoginVC.swift in Sources */,
				3851EE62261352870053743B /* empSubmitPortralVC.swift in Sources */,
				381AF7A5260E1D8C004405DE /* SceneDelegate.swift in Sources */,
			);
			runOnlyForDeploymentPostprocessing = 0;
		};
/* End PBXSourcesBuildPhase section */

/* Begin PBXVariantGroup section */
		381AF7A8260E1D8C004405DE /* Main.storyboard */ = {
			isa = PBXVariantGroup;
			children = (
				381AF7A9260E1D8C004405DE /* Base */,
			);
			name = Main.storyboard;
			sourceTree = "<group>";
		};
		381AF7AD260E1D8E004405DE /* LaunchScreen.storyboard */ = {
			isa = PBXVariantGroup;
			children = (
				381AF7AE260E1D8E004405DE /* Base */,
			);
			name = LaunchScreen.storyboard;
			sourceTree = "<group>";
		};
/* End PBXVariantGroup section */

/* Begin XCBuildConfiguration section */
		381AF7B1260E1D8E004405DE /* Debug */ = {
			isa = XCBuildConfiguration;
			buildSettings = {
				ALWAYS_SEARCH_USER_PATHS = NO;
				CLANG_ANALYZER_NONNULL = YES;
				CLANG_ANALYZER_NUMBER_OBJECT_CONVERSION = YES_AGGRESSIVE;
				CLANG_CXX_LANGUAGE_STANDARD = "gnu++14";
				CLANG_CXX_LIBRARY = "libc++";
				CLANG_ENABLE_MODULES = YES;
				CLANG_ENABLE_OBJC_ARC = YES;
				CLANG_ENABLE_OBJC_WEAK = YES;
				CLANG_WARN_BLOCK_CAPTURE_AUTORELEASING = YES;
				CLANG_WARN_BOOL_CONVERSION = YES;
				CLANG_WARN_COMMA = YES;
				CLANG_WARN_CONSTANT_CONVERSION = YES;
				CLANG_WARN_DEPRECATED_OBJC_IMPLEMENTATIONS = YES;
				CLANG_WARN_DIRECT_OBJC_ISA_USAGE = YES_ERROR;
				CLANG_WARN_DOCUMENTATION_COMMENTS = YES;
				CLANG_WARN_EMPTY_BODY = YES;
				CLANG_WARN_ENUM_CONVERSION = YES;
				CLANG_WARN_INFINITE_RECURSION = YES;
				CLANG_WARN_INT_CONVERSION = YES;
				CLANG_WARN_NON_LITERAL_NULL_CONVERSION = YES;
				CLANG_WARN_OBJC_IMPLICIT_RETAIN_SELF = YES;
				CLANG_WARN_OBJC_LITERAL_CONVERSION = YES;
				CLANG_WARN_OBJC_ROOT_CLASS = YES_ERROR;
				CLANG_WARN_QUOTED_INCLUDE_IN_FRAMEWORK_HEADER = YES;
				CLANG_WARN_RANGE_LOOP_ANALYSIS = YES;
				CLANG_WARN_STRICT_PROTOTYPES = YES;
				CLANG_WARN_SUSPICIOUS_MOVE = YES;
				CLANG_WARN_UNGUARDED_AVAILABILITY = YES_AGGRESSIVE;
				CLANG_WARN_UNREACHABLE_CODE = YES;
				CLANG_WARN__DUPLICATE_METHOD_MATCH = YES;
				COPY_PHASE_STRIP = NO;
				DEBUG_INFORMATION_FORMAT = dwarf;
				ENABLE_STRICT_OBJC_MSGSEND = YES;
				ENABLE_TESTABILITY = YES;
				GCC_C_LANGUAGE_STANDARD = gnu11;
				GCC_DYNAMIC_NO_PIC = NO;
				GCC_NO_COMMON_BLOCKS = YES;
				GCC_OPTIMIZATION_LEVEL = 0;
				GCC_PREPROCESSOR_DEFINITIONS = (
					"DEBUG=1",
					"$(inherited)",
				);
				GCC_WARN_64_TO_32_BIT_CONVERSION = YES;
				GCC_WARN_ABOUT_RETURN_TYPE = YES_ERROR;
				GCC_WARN_UNDECLARED_SELECTOR = YES;
				GCC_WARN_UNINITIALIZED_AUTOS = YES_AGGRESSIVE;
				GCC_WARN_UNUSED_FUNCTION = YES;
				GCC_WARN_UNUSED_VARIABLE = YES;
				IPHONEOS_DEPLOYMENT_TARGET = 14.4;
				MTL_ENABLE_DEBUG_INFO = INCLUDE_SOURCE;
				MTL_FAST_MATH = YES;
				ONLY_ACTIVE_ARCH = YES;
				SDKROOT = iphoneos;
				SWIFT_ACTIVE_COMPILATION_CONDITIONS = DEBUG;
				SWIFT_OPTIMIZATION_LEVEL = "-Onone";
			};
			name = Debug;
		};
		381AF7B2260E1D8E004405DE /* Release */ = {
			isa = XCBuildConfiguration;
			buildSettings = {
				ALWAYS_SEARCH_USER_PATHS = NO;
				CLANG_ANALYZER_NONNULL = YES;
				CLANG_ANALYZER_NUMBER_OBJECT_CONVERSION = YES_AGGRESSIVE;
				CLANG_CXX_LANGUAGE_STANDARD = "gnu++14";
				CLANG_CXX_LIBRARY = "libc++";
				CLANG_ENABLE_MODULES = YES;
				CLANG_ENABLE_OBJC_ARC = YES;
				CLANG_ENABLE_OBJC_WEAK = YES;
				CLANG_WARN_BLOCK_CAPTURE_AUTORELEASING = YES;
				CLANG_WARN_BOOL_CONVERSION = YES;
				CLANG_WARN_COMMA = YES;
				CLANG_WARN_CONSTANT_CONVERSION = YES;
				CLANG_WARN_DEPRECATED_OBJC_IMPLEMENTATIONS = YES;
				CLANG_WARN_DIRECT_OBJC_ISA_USAGE = YES_ERROR;
				CLANG_WARN_DOCUMENTATION_COMMENTS = YES;
				CLANG_WARN_EMPTY_BODY = YES;
				CLANG_WARN_ENUM_CONVERSION = YES;
				CLANG_WARN_INFINITE_RECURSION = YES;
				CLANG_WARN_INT_CONVERSION = YES;
				CLANG_WARN_NON_LITERAL_NULL_CONVERSION = YES;
				CLANG_WARN_OBJC_IMPLICIT_RETAIN_SELF = YES;
				CLANG_WARN_OBJC_LITERAL_CONVERSION = YES;
				CLANG_WARN_OBJC_ROOT_CLASS = YES_ERROR;
				CLANG_WARN_QUOTED_INCLUDE_IN_FRAMEWORK_HEADER = YES;
				CLANG_WARN_RANGE_LOOP_ANALYSIS = YES;
				CLANG_WARN_STRICT_PROTOTYPES = YES;
				CLANG_WARN_SUSPICIOUS_MOVE = YES;
				CLANG_WARN_UNGUARDED_AVAILABILITY = YES_AGGRESSIVE;
				CLANG_WARN_UNREACHABLE_CODE = YES;
				CLANG_WARN__DUPLICATE_METHOD_MATCH = YES;
				COPY_PHASE_STRIP = NO;
				DEBUG_INFORMATION_FORMAT = "dwarf-with-dsym";
				ENABLE_NS_ASSERTIONS = NO;
				ENABLE_STRICT_OBJC_MSGSEND = YES;
				GCC_C_LANGUAGE_STANDARD = gnu11;
				GCC_NO_COMMON_BLOCKS = YES;
				GCC_WARN_64_TO_32_BIT_CONVERSION = YES;
				GCC_WARN_ABOUT_RETURN_TYPE = YES_ERROR;
				GCC_WARN_UNDECLARED_SELECTOR = YES;
				GCC_WARN_UNINITIALIZED_AUTOS = YES_AGGRESSIVE;
				GCC_WARN_UNUSED_FUNCTION = YES;
				GCC_WARN_UNUSED_VARIABLE = YES;
				IPHONEOS_DEPLOYMENT_TARGET = 14.4;
				MTL_ENABLE_DEBUG_INFO = NO;
				MTL_FAST_MATH = YES;
				SDKROOT = iphoneos;
				SWIFT_COMPILATION_MODE = wholemodule;
				SWIFT_OPTIMIZATION_LEVEL = "-O";
				VALIDATE_PRODUCT = YES;
			};
			name = Release;
		};
		381AF7B4260E1D8E004405DE /* Debug */ = {
			isa = XCBuildConfiguration;
			baseConfigurationReference = CD5F39DDD3A5051015D359DF /* Pods-TimeManger2.debug.xcconfig */;
			buildSettings = {
				ASSETCATALOG_COMPILER_APPICON_NAME = AppIcon;
				ASSETCATALOG_COMPILER_GLOBAL_ACCENT_COLOR_NAME = AccentColor;
				CODE_SIGN_STYLE = Automatic;
				INFOPLIST_FILE = TimeManger2/Info.plist;
				LD_RUNPATH_SEARCH_PATHS = (
					"$(inherited)",
					"@executable_path/Frameworks",
				);
				PRODUCT_BUNDLE_IDENTIFIER = com.TimeManger2;
				PRODUCT_NAME = "$(TARGET_NAME)";
				SWIFT_VERSION = 5.0;
				TARGETED_DEVICE_FAMILY = "1,2";
			};
			name = Debug;
		};
		381AF7B5260E1D8E004405DE /* Release */ = {
			isa = XCBuildConfiguration;
			baseConfigurationReference = 1AD147231D8056D6B66EB917 /* Pods-TimeManger2.release.xcconfig */;
			buildSettings = {
				ASSETCATALOG_COMPILER_APPICON_NAME = AppIcon;
				ASSETCATALOG_COMPILER_GLOBAL_ACCENT_COLOR_NAME = AccentColor;
				CODE_SIGN_STYLE = Automatic;
				INFOPLIST_FILE = TimeManger2/Info.plist;
				LD_RUNPATH_SEARCH_PATHS = (
					"$(inherited)",
					"@executable_path/Frameworks",
				);
				PRODUCT_BUNDLE_IDENTIFIER = com.TimeManger2;
				PRODUCT_NAME = "$(TARGET_NAME)";
				SWIFT_VERSION = 5.0;
				TARGETED_DEVICE_FAMILY = "1,2";
			};
			name = Release;
		};
/* End XCBuildConfiguration section */

/* Begin XCConfigurationList section */
		381AF79A260E1D8C004405DE /* Build configuration list for PBXProject "TimeManger2" */ = {
			isa = XCConfigurationList;
			buildConfigurations = (
				381AF7B1260E1D8E004405DE /* Debug */,
				381AF7B2260E1D8E004405DE /* Release */,
			);
			defaultConfigurationIsVisible = 0;
			defaultConfigurationName = Release;
		};
		381AF7B3260E1D8E004405DE /* Build configuration list for PBXNativeTarget "TimeManger2" */ = {
			isa = XCConfigurationList;
			buildConfigurations = (
				381AF7B4260E1D8E004405DE /* Debug */,
				381AF7B5260E1D8E004405DE /* Release */,
			);
			defaultConfigurationIsVisible = 0;
			defaultConfigurationName = Release;
		};
/* End XCConfigurationList section */
	};
	rootObject = 381AF797260E1D8B004405DE /* Project object */;
}
